# This file is automatically @generated by Cargo.
# It is not intended for manual editing.
version = 4

[[package]]
name = "base64-compat"
version = "1.0.0"
source = "registry+https://github.com/rust-lang/crates.io-index"
checksum = "5a8d4d2746f89841e49230dd26917df1876050f95abafafbe34f47cb534b88d7"
dependencies = [
 "byteorder",
]

[[package]]
name = "byteorder"
version = "1.5.0"
source = "registry+https://github.com/rust-lang/crates.io-index"
checksum = "1fd0f2584146f6f2ef48085050886acf353beff7305ebd1ae69500e27c67f64b"

[[package]]
name = "either"
version = "1.15.0"
source = "registry+https://github.com/rust-lang/crates.io-index"
checksum = "48c757948c5ede0e46177b7add2e67155f70e33c07fea8284df6576da70b3719"

[[package]]
name = "log"
version = "0.4.27"
source = "registry+https://github.com/rust-lang/crates.io-index"
checksum = "13dc2df351e3202783a1fe0d44375f7295ffb4049267b0f3018346dc122a1d94"

[[package]]
name = "mailin"
version = "0.6.5"
source = "registry+https://github.com/rust-lang/crates.io-index"
checksum = "261c858a4b0f914d12dd9da38b9e55a7d991cd6c3e369f503344c4f1c2137fc4"
dependencies = [
 "base64-compat",
 "either",
 "log",
 "nom",
 "ternop",
]

[[package]]
name = "mailin-test"
version = "0.1.0"
dependencies = [
 "mailin",
]

[[package]]
name = "memchr"
version = "2.7.4"
source = "registry+https://github.com/rust-lang/crates.io-index"
checksum = "78ca9ab1a0babb1e7d5695e3530886289c18cf2f87ec19a575a0abdce112e3a3"

[[package]]
name = "minimal-lexical"
version = "0.2.1"
source = "registry+https://github.com/rust-lang/crates.io-index"
checksum = "68354c5c6bd36d73ff3feceb05efa59b6acb7626617f4962be322a825e61f79a"

[[package]]
name = "nom"
version = "7.1.3"
source = "registry+https://github.com/rust-lang/crates.io-index"
checksum = "d273983c5a657a70a3e8f2a01329822f3b8c8172b73826411a55751e404a0a4a"
dependencies = [
 "memchr",
 "minimal-lexical",
]

[[package]]
name = "ternop"
version = "1.0.1"
source = "registry+https://github.com/rust-lang/crates.io-index"
checksum = "9d4ae32d0a4605a89c28534371b056919c12e7a070ee07505af75130ff030111"
